<?xml version="1.0" encoding="utf-8"?>
<Project ToolsVersion="4.0" xmlns="http://schemas.microsoft.com/developer/msbuild/2003">
  <ItemGroup>
    <ClCompile Include="Bot.cpp" />
    <ClCompile Include="main.cpp" />
    <ClCompile Include="SelfActionInterface.cpp" />
    <ClCompile Include="SelfObservationInterface.cpp" />
    <ClCompile Include="util.cpp" />
    <ClCompile Include="BarrackAgent.cpp">
      <Filter>Agents</Filter>
    </ClCompile>
    <ClCompile Include="CommandCenterAgent.cpp">
      <Filter>Agents</Filter>
    </ClCompile>
    <ClCompile Include="MilitaryAgent.cpp">
      <Filter>Agents</Filter>
    </ClCompile>
    <ClCompile Include="ScvAgent.cpp">
      <Filter>Agents</Filter>
    </ClCompile>
    <ClCompile Include="SupplydepotAgent.cpp">
      <Filter>Agents</Filter>
    </ClCompile>
    <ClCompile Include="UnitAgent.cpp">
      <Filter>Agents</Filter>
    </ClCompile>
    <ClCompile Include="FactoryAgent.cpp">
      <Filter>Agents</Filter>
    </ClCompile>
    <ClCompile Include="StarportAgent.cpp">
      <Filter>Agents</Filter>
    </ClCompile>
    <ClCompile Include="WidowmineAgent.cpp">
      <Filter>Agents</Filter>
    </ClCompile>
    <ClCompile Include="MarineAgent.cpp">
      <Filter>Agents</Filter>
    </ClCompile>
  </ItemGroup>
  <ItemGroup>
    <ClInclude Include="Bot.h" />
    <ClInclude Include="BotStrategy.h" />
    <ClInclude Include="SelfActionInterface.h" />
    <ClInclude Include="SelfObservationInterface.h" />
    <ClInclude Include="util.h" />
    <ClInclude Include="Agents.h">
      <Filter>Agents</Filter>
    </ClInclude>
    <ClInclude Include="BarrackAgent.h">
      <Filter>Agents</Filter>
    </ClInclude>
    <ClInclude Include="CommandCenterAgent.h">
      <Filter>Agents</Filter>
    </ClInclude>
    <ClInclude Include="MilitaryAgent.h">
      <Filter>Agents</Filter>
    </ClInclude>
    <ClInclude Include="ScvAgent.h">
      <Filter>Agents</Filter>
    </ClInclude>
    <ClInclude Include="SupplydepotAgent.h">
      <Filter>Agents</Filter>
    </ClInclude>
    <ClInclude Include="UnitAgent.h">
      <Filter>Agents</Filter>
    </ClInclude>
    <ClInclude Include="FactoryAgent.h">
      <Filter>Agents</Filter>
    </ClInclude>
    <ClInclude Include="StarportAgent.h">
      <Filter>Agents</Filter>
    </ClInclude>
    <ClInclude Include="WidowmineAgent.h">
      <Filter>Agents</Filter>
    </ClInclude>
    <ClInclude Include="MarineAgent.h">
      <Filter>Agents</Filter>
    </ClInclude>
  </ItemGroup>
  <ItemGroup>
    <Filter Include="Agents">
      <UniqueIdentifier>{6e898760-24a0-47a2-a7bb-2412c785a617}</UniqueIdentifier>
    </Filter>
  </ItemGroup>
</Project>